{
  "name": "PersonalProjects",
  "lockfileVersion": 3,
  "requires": true,
  "packages": {
    "": {
      "dependencies": {
        "@dotenvx/dotenvx": "^2.17.2"
      },
      "devDependencies": {
        "tailwindcss": "^4.3.3"
      }
    },
    "node_modules/@dotenvx/dotenvx": {
      "version": "2.17.2",
      "resolved": "https://registry.npmjs.org/@dotenvx/dotenvx/-/dotenvx-2.17.2.tgz",
      "integrity": "sha512-7+bOjESo1xDXnNoE5jTIJQBft44zUD/KX113phJSgASYsKIXrZmy+1rHlSxIzvaxGTaLbLtuo26LIVECXZPt9g==",
      "license": "BSD-3-Clause",
      "dependencies": {
        "@dotenvx/primitives": "^2.1.0",
        "@dotenvx/tooling": "^1.0.3",
        "yocto-spinner": "^1.2.1"
      },
      "bin": {
        "dotenvx": "src/cli/dotenvx.js"
      },
      "funding": {
        "url": "https://dotenvx.com"
      }
    },
    "node_modules/@dotenvx/primitives": {
      "version": "2.1.0",
      "resolved": "https://registry.npmjs.org/@dotenvx/primitives/-/primitives-2.1.0.tgz",
      "integrity": "sha512-GIpMSSgjZk4URRCtAw12vBmobnw3VeSKL+p7/y8ypWvTHFW+StAMZvq4wCjdX+QKuw4alXu0IMGW6QPhKo6ufg==",
      "license": "BSD-3-Clause"
    },
    "node_modules/@dotenvx/tooling": {
      "version": "1.0.3",
      "resolved": "https://registry.npmjs.org/@dotenvx/tooling/-/tooling-1.0.3.tgz",
      "integrity": "sha512-Gd6qQol/ICb4MPRWpiIH56y+pR9AVB7kPBkbhrLSGLtAiF4Qgy+k651/f2pze0Xbm3H5XewbPfIm4y9K+ic30Q==",
      "license": "BSD-3-Clause"
    },
    "node_modules/tailwindcss": {
      "version": "4.3.3",
      "resolved": "https://registry.npmjs.org/tailwindcss/-/tailwindcss-4.3.3.tgz",
      "integrity": "sha512-gOhV3P7ufE62QDGg1zVaTgCR+EtPv92k2nIhVcVKcLmxT1sUBsQGhnZj175j+MqRt4zLF7ic+sCYjfhxMxj7YQ==",
      "dev": true,
      "license": "MIT"
    },
    "node_modules/yocto-spinner": {
      "version": "1.2.1",
      "resolved": "https://registry.npmjs.org/yocto-spinner/-/yocto-spinner-1.2.1.tgz",
      "integrity": "sha512-9cbFWLhbiZp+820O4pkHGNncI7+MrUGzBOjw8NMG+ewsY+aG0DdEXnr19Smxao32YOjLZRMdn1UtaxcrXOYOIg==",
      "license": "MIT",
      "dependencies": {
        "yoctocolors": "^2.1.1"
      },
      "engines": {
        "node": ">=18.19"
      },
      "funding": {
        "url": "https://github.com/sponsors/sindresorhus"
      }
    },
    "node_modules/yoctocolors": {
      "version": "2.1.2",
      "resolved": "https://registry.npmjs.org/yoctocolors/-/yoctocolors-2.1.2.tgz",
      "integrity": "sha512-CzhO+pFNo8ajLM2d2IW/R93ipy99LWjtwblvC1RsoSUMZgyLbYFr221TnSNT7GjGdYui6P459mw9JH/g/zW2ug==",
      "license": "MIT",
      "engines": {
        "node": ">=18"
      },
      "funding": {
        "url": "https://github.com/sponsors/sindresorhus"
      }
    }
  }
}
