{
  "name": "PersonalProjects",
  "lockfileVersion": 3,
  "requires": true,
  "packages": {
    "": {
      "dependencies": {
        "@dotenvx/dotenvx": "^2.10.0"
      },
      "devDependencies": {
        "tailwindcss": "^4.3.2"
      }
    },
    "node_modules/@dotenvx/dotenvx": {
      "version": "2.10.0",
      "resolved": "https://registry.npmjs.org/@dotenvx/dotenvx/-/dotenvx-2.10.0.tgz",
      "integrity": "sha512-GxY6K7kqVrC7DkMrwvcTXRfDBU/gBFu2UOtAR+6hpBbA59TygzdKAYGJhX4jZCpJMNU/EgvoTjK4D4BtY2vaEg==",
      "license": "BSD-3-Clause",
      "dependencies": {
        "@dotenvx/primitives": "^1.8.1",
        "@dotenvx/tooling": "^1.0.2",
        "yocto-spinner": "^1.2.1"
      },
      "bin": {
        "dotenvx": "src/cli/dotenvx.js"
      },
      "funding": {
        "url": "https://dotenvx.com"
      }
    },
    "node_modules/@dotenvx/primitives": {
      "version": "1.8.1",
      "resolved": "https://registry.npmjs.org/@dotenvx/primitives/-/primitives-1.8.1.tgz",
      "integrity": "sha512-xcEkhZDDA9E/ElU27Ft6ZaBBZN4EkXDmD0H4kZB7CcEMfQr43P6RMb7AMU6xYvqLyg2zT8rb0lEuaE8gUlUEiw==",
      "license": "BSD-3-Clause"
    },
    "node_modules/@dotenvx/tooling": {
      "version": "1.0.2",
      "resolved": "https://registry.npmjs.org/@dotenvx/tooling/-/tooling-1.0.2.tgz",
      "integrity": "sha512-yf4VwIZUzSqlLy2pe0kH2xk6dME73oYW5XqcHE7M1zA1H0RX/dSUThsSRmpCjp622iW9f6VGQl5Aa6szt5Xc0w==",
      "license": "BSD-3-Clause"
    },
    "node_modules/tailwindcss": {
      "version": "4.3.2",
      "resolved": "https://registry.npmjs.org/tailwindcss/-/tailwindcss-4.3.2.tgz",
      "integrity": "sha512-WtctNNSH8A9jlMIqxzuYumOHU5uGZyRv0Q5svQl+oEPy5w84YpBxdb7MdqyiSPQge5jTJ6zFQLq0PFygdccSBA==",
      "dev": true,
      "license": "MIT"
    },
    "node_modules/yocto-spinner": {
      "version": "1.2.1",
      "resolved": "https://registry.npmjs.org/yocto-spinner/-/yocto-spinner-1.2.1.tgz",
      "integrity": "sha512-9cbFWLhbiZp+820O4pkHGNncI7+MrUGzBOjw8NMG+ewsY+aG0DdEXnr19Smxao32YOjLZRMdn1UtaxcrXOYOIg==",
      "license": "MIT",
      "dependencies": {
        "yoctocolors": "^2.1.1"
      },
      "engines": {
        "node": ">=18.19"
      },
      "funding": {
        "url": "https://github.com/sponsors/sindresorhus"
      }
    },
    "node_modules/yoctocolors": {
      "version": "2.1.2",
      "resolved": "https://registry.npmjs.org/yoctocolors/-/yoctocolors-2.1.2.tgz",
      "integrity": "sha512-CzhO+pFNo8ajLM2d2IW/R93ipy99LWjtwblvC1RsoSUMZgyLbYFr221TnSNT7GjGdYui6P459mw9JH/g/zW2ug==",
      "license": "MIT",
      "engines": {
        "node": ">=18"
      },
      "funding": {
        "url": "https://github.com/sponsors/sindresorhus"
      }
    }
  }
}
