{
  "name": "qrcodegenerator",
  "lockfileVersion": 3,
  "requires": true,
  "packages": {
    "": {
      "name": "qrcodegenerator",
      "dependencies": {
        "@tailwindcss/aspect-ratio": "^0.4.2",
        "@tailwindcss/forms": "^0.5.11",
        "@tailwindcss/line-clamp": "^0.4.4",
        "@tailwindcss/typography": "^0.5.20"
      },
      "devDependencies": {
        "tailwindcss": "^4.3.1"
      }
    },
    "node_modules/@tailwindcss/aspect-ratio": {
      "version": "0.4.2",
      "license": "MIT",
      "peerDependencies": {
        "tailwindcss": ">=2.0.0 || >=3.0.0 || >=3.0.0-alpha.1"
      }
    },
    "node_modules/@tailwindcss/forms": {
      "version": "0.5.11",
      "resolved": "https://registry.npmjs.org/@tailwindcss/forms/-/forms-0.5.11.tgz",
      "integrity": "sha512-h9wegbZDPurxG22xZSoWtdzc41/OlNEUQERNqI/0fOwa2aVlWGu7C35E/x6LDyD3lgtztFSSjKZyuVM0hxhbgA==",
      "license": "MIT",
      "dependencies": {
        "mini-svg-data-uri": "^1.2.3"
      },
      "peerDependencies": {
        "tailwindcss": ">=3.0.0 || >= 3.0.0-alpha.1 || >= 4.0.0-alpha.20 || >= 4.0.0-beta.1"
      }
    },
    "node_modules/@tailwindcss/line-clamp": {
      "version": "0.4.4",
      "resolved": "https://registry.npmjs.org/@tailwindcss/line-clamp/-/line-clamp-0.4.4.tgz",
      "integrity": "sha512-5U6SY5z8N42VtrCrKlsTAA35gy2VSyYtHWCsg1H87NU1SXnEfekTVlrga9fzUDrrHcGi2Lb5KenUWb4lRQT5/g==",
      "license": "MIT",
      "peerDependencies": {
        "tailwindcss": ">=2.0.0 || >=3.0.0 || >=3.0.0-alpha.1"
      }
    },
    "node_modules/@tailwindcss/typography": {
      "version": "0.5.20",
      "resolved": "https://registry.npmjs.org/@tailwindcss/typography/-/typography-0.5.20.tgz",
      "integrity": "sha512-hwbzQuNUfcPvbegQFatVPl/MY/tcM9KLl963hQ5laJKPh81TEZ1+dNG9PirGvcaDBkp+BCshExAyKVPW91dozw==",
      "license": "MIT",
      "dependencies": {
        "postcss-selector-parser": "6.0.10"
      },
      "peerDependencies": {
        "tailwindcss": ">=3.0.0 || >=4.0.0 || insiders"
      }
    },
    "node_modules/@tailwindcss/typography/node_modules/postcss-selector-parser": {
      "version": "6.0.10",
      "license": "MIT",
      "dependencies": {
        "cssesc": "^3.0.0",
        "util-deprecate": "^1.0.2"
      },
      "engines": {
        "node": ">=4"
      }
    },
    "node_modules/cssesc": {
      "version": "3.0.0",
      "license": "MIT",
      "bin": {
        "cssesc": "bin/cssesc"
      },
      "engines": {
        "node": ">=4"
      }
    },
    "node_modules/mini-svg-data-uri": {
      "version": "1.4.4",
      "license": "MIT",
      "bin": {
        "mini-svg-data-uri": "cli.js"
      }
    },
    "node_modules/tailwindcss": {
      "version": "4.3.1",
      "resolved": "https://registry.npmjs.org/tailwindcss/-/tailwindcss-4.3.1.tgz",
      "integrity": "sha512-hk+TB1m+K8CYNrP6rjQaq/Y+4Zylwpa87mLYBKCunwnnQ9p+fHb7kmSfGqyEJoxF/O6CDyABWVFEafNSYKll+Q==",
      "license": "MIT"
    },
    "node_modules/util-deprecate": {
      "version": "1.0.2",
      "license": "MIT"
    }
  }
}
